
Microsoft Visual Studio Solution File, Format Version 12.00
# Visual Studio Version 16
VisualStudioVersion = 16.0.32106.194
MinimumVisualStudioVersion = 10.0.40219.1
Project("{F184B08F-C81C-45F6-A57F-5ABD9991F28F}") = "wav-vatsim2", "wav-vatsim2\wav-vatsim2.vbproj", "{7CEC099C-77D7-4522-9764-D86EAFB9D991}"
EndProject
Global
	GlobalSection(SolutionConfigurationPlatforms) = preSolution
		Debug|Any CPU = Debug|Any CPU
		Release|Any CPU = Release|Any CPU
	EndGlobalSection
	GlobalSection(ProjectConfigurationPlatforms) = postSolution
		{7CEC099C-77D7-4522-9764-D86EAFB9D991}.Debug|Any CPU.ActiveCfg = Debug|Any CPU
		{7CEC099C-77D7-4522-9764-D86EAFB9D991}.Debug|Any CPU.Build.0 = Debug|Any CPU
		{7CEC099C-77D7-4522-9764-D86EAFB9D991}.Release|Any CPU.ActiveCfg = Release|Any CPU
		{7CEC099C-77D7-4522-9764-D86EAFB9D991}.Release|Any CPU.Build.0 = Release|Any CPU
	EndGlobalSection
	GlobalSection(SolutionProperties) = preSolution
		HideSolutionNode = FALSE
	EndGlobalSection
	GlobalSection(ExtensibilityGlobals) = postSolution
		SolutionGuid = {FDE43E6F-E629-45A2-9A2A-0EDB61AA8596}
	EndGlobalSection
EndGlobal
